
Microsoft Visual Studio Solution File, Format Version 12.00
# Visual Studio 15
VisualStudioVersion = 15.0.27428.2037
MinimumVisualStudioVersion = 10.0.40219.1
Project("{9A19103F-16F7-4668-BE54-9A1E7A4F7556}") = "Albot", "Albot\Albot.csproj", "{082D300E-3ABD-4E93-8CF7-C300120F4080}"
EndProject
Global
	GlobalSection(SolutionConfigurationPlatforms) = preSolution
		Debug|Any CPU = Debug|Any CPU
		Release|Any CPU = Release|Any CPU
	EndGlobalSection
	GlobalSection(ProjectConfigurationPlatforms) = postSolution
		{082D300E-3ABD-4E93-8CF7-C300120F4080}.Debug|Any CPU.ActiveCfg = Release|Any CPU
		{082D300E-3ABD-4E93-8CF7-C300120F4080}.Debug|Any CPU.Build.0 = Release|Any CPU
		{082D300E-3ABD-4E93-8CF7-C300120F4080}.Release|Any CPU.ActiveCfg = Release|Any CPU
		{082D300E-3ABD-4E93-8CF7-C300120F4080}.Release|Any CPU.Build.0 = Release|Any CPU
	EndGlobalSection
	GlobalSection(SolutionProperties) = preSolution
		HideSolutionNode = FALSE
	EndGlobalSection
	GlobalSection(ExtensibilityGlobals) = postSolution
		SolutionGuid = {3899DF8C-2ED7-4CBD-B6C0-093A1B003586}
	EndGlobalSection
EndGlobal
